// !$*UTF8*$!
{
	archiveVersion = 1;
	classes = {
	};
	objectVersion = 77;
	objects = {

/* Begin PBXBuildFile section */
		C738BC502D696512002F0E94 /* WidgetKit.framework in Frameworks */ = {isa = PBXBuildFile; fileRef = C75B13612D6402B900E7A7D5 /* WidgetKit.framework */; };
		C738BC512D696512002F0E94 /* SwiftUI.framework in Frameworks */ = {isa = PBXBuildFile; fileRef = C75B13632D6402B900E7A7D5 /* SwiftUI.framework */; };
		C738BC5F2D696515002F0E94 /* WidgetOptimalVentilationExtensionExtension.appex in Embed Foundation Extensions */ = {isa = PBXBuildFile; fileRef = C738BC4F2D696512002F0E94 /* WidgetOptimalVentilationExtensionExtension.appex */; settings = {ATTRIBUTES = (RemoveHeadersOnCopy, ); }; };
		C75B13622D6402B900E7A7D5 /* WidgetKit.framework in Frameworks */ = {isa = PBXBuildFile; fileRef = C75B13612D6402B900E7A7D5 /* WidgetKit.framework */; };
		C75B13642D6402B900E7A7D5 /* SwiftUI.framework in Frameworks */ = {isa = PBXBuildFile; fileRef = C75B13632D6402B900E7A7D5 /* SwiftUI.framework */; };
		C75B13722D6402BC00E7A7D5 /* WidgetHumidityExtensionExtension.appex in Embed Foundation Extensions */ = {isa = PBXBuildFile; fileRef = C75B135F2D6402B900E7A7D5 /* WidgetHumidityExtensionExtension.appex */; settings = {ATTRIBUTES = (RemoveHeadersOnCopy, ); }; };
/* End PBXBuildFile section */

/* Begin PBXContainerItemProxy section */
		C738BC5D2D696515002F0E94 /* PBXContainerItemProxy */ = {
			isa = PBXContainerItemProxy;
			containerPortal = C75B13372D614C7200E7A7D5 /* Project object */;
			proxyType = 1;
			remoteGlobalIDString = C738BC4E2D696512002F0E94;
			remoteInfo = WidgetOptimalVentilationExtensionExtension;
		};
		C75B13702D6402BC00E7A7D5 /* PBXContainerItemProxy */ = {
			isa = PBXContainerItemProxy;
			containerPortal = C75B13372D614C7200E7A7D5 /* Project object */;
			proxyType = 1;
			remoteGlobalIDString = C75B135E2D6402B900E7A7D5;
			remoteInfo = WidgetHumidityExtensionExtension;
		};
/* End PBXContainerItemProxy section */

/* Begin PBXCopyFilesBuildPhase section */
		C75B13772D6402BC00E7A7D5 /* Embed Foundation Extensions */ = {
			isa = PBXCopyFilesBuildPhase;
			buildActionMask = 2147483647;
			dstPath = "";
			dstSubfolderSpec = 13;
			files = (
				C75B13722D6402BC00E7A7D5 /* WidgetHumidityExtensionExtension.appex in Embed Foundation Extensions */,
				C738BC5F2D696515002F0E94 /* WidgetOptimalVentilationExtensionExtension.appex in Embed Foundation Extensions */,
			);
			name = "Embed Foundation Extensions";
			runOnlyForDeploymentPostprocessing = 0;
		};
/* End PBXCopyFilesBuildPhase section */

/* Begin PBXFileReference section */
		C738BC4F2D696512002F0E94 /* WidgetOptimalVentilationExtensionExtension.appex */ = {isa = PBXFileReference; explicitFileType = "wrapper.app-extension"; includeInIndex = 0; path = WidgetOptimalVentilationExtensionExtension.appex; sourceTree = BUILT_PRODUCTS_DIR; };
		C75B133F2D614C7200E7A7D5 /* Humidity.app */ = {isa = PBXFileReference; explicitFileType = wrapper.application; includeInIndex = 0; path = Humidity.app; sourceTree = BUILT_PRODUCTS_DIR; };
		C75B135F2D6402B900E7A7D5 /* WidgetHumidityExtensionExtension.appex */ = {isa = PBXFileReference; explicitFileType = "wrapper.app-extension"; includeInIndex = 0; path = WidgetHumidityExtensionExtension.appex; sourceTree = BUILT_PRODUCTS_DIR; };
		C75B13612D6402B900E7A7D5 /* WidgetKit.framework */ = {isa = PBXFileReference; lastKnownFileType = wrapper.framework; name = WidgetKit.framework; path = /System/Library/Frameworks/WidgetKit.framework; sourceTree = "<absolute>"; };
		C75B13632D6402B900E7A7D5 /* SwiftUI.framework */ = {isa = PBXFileReference; lastKnownFileType = wrapper.framework; name = SwiftUI.framework; path = /System/Library/Frameworks/SwiftUI.framework; sourceTree = "<absolute>"; };
/* End PBXFileReference section */

/* Begin PBXFileSystemSynchronizedBuildFileExceptionSet section */
		C738BC602D696515002F0E94 /* Exceptions for "WidgetOptimalVentilationExtension" folder in "WidgetOptimalVentilationExtensionExtension" target */ = {
			isa = PBXFileSystemSynchronizedBuildFileExceptionSet;
			membershipExceptions = (
				Info.plist,
			);
			target = C738BC4E2D696512002F0E94 /* WidgetOptimalVentilationExtensionExtension */;
		};
		C738BC652D696BC5002F0E94 /* Exceptions for "Humidity" folder in "WidgetOptimalVentilationExtensionExtension" target */ = {
			isa = PBXFileSystemSynchronizedBuildFileExceptionSet;
			membershipExceptions = (
				Shared/Extension.swift,
				Shared/Models.swift,
				Shared/WeatherShared.swift,
			);
			target = C738BC4E2D696512002F0E94 /* WidgetOptimalVentilationExtensionExtension */;
		};
		C738BC692D696C22002F0E94 /* Exceptions for "WidgetHumidityExtension" folder in "WidgetOptimalVentilationExtensionExtension" target */ = {
			isa = PBXFileSystemSynchronizedBuildFileExceptionSet;
			membershipExceptions = (
				RefreshIntent.swift,
			);
			target = C738BC4E2D696512002F0E94 /* WidgetOptimalVentilationExtensionExtension */;
		};
		C75B13732D6402BC00E7A7D5 /* Exceptions for "WidgetHumidityExtension" folder in "WidgetHumidityExtensionExtension" target */ = {
			isa = PBXFileSystemSynchronizedBuildFileExceptionSet;
			membershipExceptions = (
				Info.plist,
			);
			target = C75B135E2D6402B900E7A7D5 /* WidgetHumidityExtensionExtension */;
		};
		C75B13792D64054600E7A7D5 /* Exceptions for "Humidity" folder in "WidgetHumidityExtensionExtension" target */ = {
			isa = PBXFileSystemSynchronizedBuildFileExceptionSet;
			membershipExceptions = (
				Assets.xcassets,
				Shared/Extension.swift,
				Shared/Models.swift,
				Shared/WeatherShared.swift,
			);
			target = C75B135E2D6402B900E7A7D5 /* WidgetHumidityExtensionExtension */;
		};
/* End PBXFileSystemSynchronizedBuildFileExceptionSet section */

/* Begin PBXFileSystemSynchronizedRootGroup section */
		C738BC522D696512002F0E94 /* WidgetOptimalVentilationExtension */ = {
			isa = PBXFileSystemSynchronizedRootGroup;
			exceptions = (
				C738BC602D696515002F0E94 /* Exceptions for "WidgetOptimalVentilationExtension" folder in "WidgetOptimalVentilationExtensionExtension" target */,
			);
			path = WidgetOptimalVentilationExtension;
			sourceTree = "<group>";
		};
		C75B13412D614C7200E7A7D5 /* Humidity */ = {
			isa = PBXFileSystemSynchronizedRootGroup;
			exceptions = (
				C75B13792D64054600E7A7D5 /* Exceptions for "Humidity" folder in "WidgetHumidityExtensionExtension" target */,
				C738BC652D696BC5002F0E94 /* Exceptions for "Humidity" folder in "WidgetOptimalVentilationExtensionExtension" target */,
			);
			path = Humidity;
			sourceTree = "<group>";
		};
		C75B13652D6402B900E7A7D5 /* WidgetHumidityExtension */ = {
			isa = PBXFileSystemSynchronizedRootGroup;
			exceptions = (
				C75B13732D6402BC00E7A7D5 /* Exceptions for "WidgetHumidityExtension" folder in "WidgetHumidityExtensionExtension" target */,
				C738BC692D696C22002F0E94 /* Exceptions for "WidgetHumidityExtension" folder in "WidgetOptimalVentilationExtensionExtension" target */,
			);
			path = WidgetHumidityExtension;
			sourceTree = "<group>";
		};
/* End PBXFileSystemSynchronizedRootGroup section */

/* Begin PBXFrameworksBuildPhase section */
		C738BC4C2D696512002F0E94 /* Frameworks */ = {
			isa = PBXFrameworksBuildPhase;
			buildActionMask = 2147483647;
			files = (
				C738BC512D696512002F0E94 /* SwiftUI.framework in Frameworks */,
				C738BC502D696512002F0E94 /* WidgetKit.framework in Frameworks */,
			);
			runOnlyForDeploymentPostprocessing = 0;
		};
		C75B133C2D614C7200E7A7D5 /* Frameworks */ = {
			isa = PBXFrameworksBuildPhase;
			buildActionMask = 2147483647;
			files = (
			);
			runOnlyForDeploymentPostprocessing = 0;
		};
		C75B135C2D6402B900E7A7D5 /* Frameworks */ = {
			isa = PBXFrameworksBuildPhase;
			buildActionMask = 2147483647;
			files = (
				C75B13642D6402B900E7A7D5 /* SwiftUI.framework in Frameworks */,
				C75B13622D6402B900E7A7D5 /* WidgetKit.framework in Frameworks */,
			);
			runOnlyForDeploymentPostprocessing = 0;
		};
/* End PBXFrameworksBuildPhase section */

/* Begin PBXGroup section */
		C75B13362D614C7200E7A7D5 = {
			isa = PBXGroup;
			children = (
				C75B13412D614C7200E7A7D5 /* Humidity */,
				C75B13652D6402B900E7A7D5 /* WidgetHumidityExtension */,
				C738BC522D696512002F0E94 /* WidgetOptimalVentilationExtension */,
				C75B13602D6402B900E7A7D5 /* Frameworks */,
				C75B13402D614C7200E7A7D5 /* Products */,
			);
			sourceTree = "<group>";
		};
		C75B13402D614C7200E7A7D5 /* Products */ = {
			isa = PBXGroup;
			children = (
				C75B133F2D614C7200E7A7D5 /* Humidity.app */,
				C75B135F2D6402B900E7A7D5 /* WidgetHumidityExtensionExtension.appex */,
				C738BC4F2D696512002F0E94 /* WidgetOptimalVentilationExtensionExtension.appex */,
			);
			name = Products;
			sourceTree = "<group>";
		};
		C75B13602D6402B900E7A7D5 /* Frameworks */ = {
			isa = PBXGroup;
			children = (
				C75B13612D6402B900E7A7D5 /* WidgetKit.framework */,
				C75B13632D6402B900E7A7D5 /* SwiftUI.framework */,
			);
			name = Frameworks;
			sourceTree = "<group>";
		};
/* End PBXGroup section */

/* Begin PBXNativeTarget section */
		C738BC4E2D696512002F0E94 /* WidgetOptimalVentilationExtensionExtension */ = {
			isa = PBXNativeTarget;
			buildConfigurationList = C738BC612D696515002F0E94 /* Build configuration list for PBXNativeTarget "WidgetOptimalVentilationExtensionExtension" */;
			buildPhases = (
				C738BC4B2D696512002F0E94 /* Sources */,
				C738BC4C2D696512002F0E94 /* Frameworks */,
				C738BC4D2D696512002F0E94 /* Resources */,
			);
			buildRules = (
			);
			dependencies = (
			);
			fileSystemSynchronizedGroups = (
				C738BC522D696512002F0E94 /* WidgetOptimalVentilationExtension */,
			);
			name = WidgetOptimalVentilationExtensionExtension;
			packageProductDependencies = (
			);
			productName = WidgetOptimalVentilationExtensionExtension;
			productReference = C738BC4F2D696512002F0E94 /* WidgetOptimalVentilationExtensionExtension.appex */;
			productType = "com.apple.product-type.app-extension";
		};
		C75B133E2D614C7200E7A7D5 /* Humidity */ = {
			isa = PBXNativeTarget;
			buildConfigurationList = C75B134E2D614C7500E7A7D5 /* Build configuration list for PBXNativeTarget "Humidity" */;
			buildPhases = (
				C75B133B2D614C7200E7A7D5 /* Sources */,
				C75B133C2D614C7200E7A7D5 /* Frameworks */,
				C75B133D2D614C7200E7A7D5 /* Resources */,
				C75B13772D6402BC00E7A7D5 /* Embed Foundation Extensions */,
			);
			buildRules = (
			);
			dependencies = (
				C75B13712D6402BC00E7A7D5 /* PBXTargetDependency */,
				C738BC5E2D696515002F0E94 /* PBXTargetDependency */,
			);
			fileSystemSynchronizedGroups = (
				C75B13412D614C7200E7A7D5 /* Humidity */,
			);
			name = Humidity;
			packageProductDependencies = (
			);
			productName = Humidity;
			productReference = C75B133F2D614C7200E7A7D5 /* Humidity.app */;
			productType = "com.apple.product-type.application";
		};
		C75B135E2D6402B900E7A7D5 /* WidgetHumidityExtensionExtension */ = {
			isa = PBXNativeTarget;
			buildConfigurationList = C75B13742D6402BC00E7A7D5 /* Build configuration list for PBXNativeTarget "WidgetHumidityExtensionExtension" */;
			buildPhases = (
				C75B135B2D6402B900E7A7D5 /* Sources */,
				C75B135C2D6402B900E7A7D5 /* Frameworks */,
				C75B135D2D6402B900E7A7D5 /* Resources */,
			);
			buildRules = (
			);
			dependencies = (
			);
			fileSystemSynchronizedGroups = (
				C75B13652D6402B900E7A7D5 /* WidgetHumidityExtension */,
			);
			name = WidgetHumidityExtensionExtension;
			packageProductDependencies = (
			);
			productName = WidgetHumidityExtensionExtension;
			productReference = C75B135F2D6402B900E7A7D5 /* WidgetHumidityExtensionExtension.appex */;
			productType = "com.apple.product-type.app-extension";
		};
/* End PBXNativeTarget section */

/* Begin PBXProject section */
		C75B13372D614C7200E7A7D5 /* Project object */ = {
			isa = PBXProject;
			attributes = {
				BuildIndependentTargetsInParallel = 1;
				LastSwiftUpdateCheck = 1620;
				LastUpgradeCheck = 1620;
				TargetAttributes = {
					C738BC4E2D696512002F0E94 = {
						CreatedOnToolsVersion = 16.2;
					};
					C75B133E2D614C7200E7A7D5 = {
						CreatedOnToolsVersion = 16.2;
					};
					C75B135E2D6402B900E7A7D5 = {
						CreatedOnToolsVersion = 16.2;
					};
				};
			};
			buildConfigurationList = C75B133A2D614C7200E7A7D5 /* Build configuration list for PBXProject "Humidity" */;
			developmentRegion = en;
			hasScannedForEncodings = 0;
			knownRegions = (
				en,
				Base,
			);
			mainGroup = C75B13362D614C7200E7A7D5;
			minimizedProjectReferenceProxies = 1;
			preferredProjectObjectVersion = 77;
			productRefGroup = C75B13402D614C7200E7A7D5 /* Products */;
			projectDirPath = "";
			projectRoot = "";
			targets = (
				C75B133E2D614C7200E7A7D5 /* Humidity */,
				C75B135E2D6402B900E7A7D5 /* WidgetHumidityExtensionExtension */,
				C738BC4E2D696512002F0E94 /* WidgetOptimalVentilationExtensionExtension */,
			);
		};
/* End PBXProject section */

/* Begin PBXResourcesBuildPhase section */
		C738BC4D2D696512002F0E94 /* Resources */ = {
			isa = PBXResourcesBuildPhase;
			buildActionMask = 2147483647;
			files = (
			);
			runOnlyForDeploymentPostprocessing = 0;
		};
		C75B133D2D614C7200E7A7D5 /* Resources */ = {
			isa = PBXResourcesBuildPhase;
			buildActionMask = 2147483647;
			files = (
			);
			runOnlyForDeploymentPostprocessing = 0;
		};
		C75B135D2D6402B900E7A7D5 /* Resources */ = {
			isa = PBXResourcesBuildPhase;
			buildActionMask = 2147483647;
			files = (
			);
			runOnlyForDeploymentPostprocessing = 0;
		};
/* End PBXResourcesBuildPhase section */

/* Begin PBXSourcesBuildPhase section */
		C738BC4B2D696512002F0E94 /* Sources */ = {
			isa = PBXSourcesBuildPhase;
			buildActionMask = 2147483647;
			files = (
			);
			runOnlyForDeploymentPostprocessing = 0;
		};
		C75B133B2D614C7200E7A7D5 /* Sources */ = {
			isa = PBXSourcesBuildPhase;
			buildActionMask = 2147483647;
			files = (
			);
			runOnlyForDeploymentPostprocessing = 0;
		};
		C75B135B2D6402B900E7A7D5 /* Sources */ = {
			isa = PBXSourcesBuildPhase;
			buildActionMask = 2147483647;
			files = (
			);
			runOnlyForDeploymentPostprocessing = 0;
		};
/* End PBXSourcesBuildPhase section */

/* Begin PBXTargetDependency section */
		C738BC5E2D696515002F0E94 /* PBXTargetDependency */ = {
			isa = PBXTargetDependency;
			target = C738BC4E2D696512002F0E94 /* WidgetOptimalVentilationExtensionExtension */;
			targetProxy = C738BC5D2D696515002F0E94 /* PBXContainerItemProxy */;
		};
		C75B13712D6402BC00E7A7D5 /* PBXTargetDependency */ = {
			isa = PBXTargetDependency;
			target = C75B135E2D6402B900E7A7D5 /* WidgetHumidityExtensionExtension */;
			targetProxy = C75B13702D6402BC00E7A7D5 /* PBXContainerItemProxy */;
		};
/* End PBXTargetDependency section */

/* Begin XCBuildConfiguration section */
		C738BC622D696515002F0E94 /* Debug */ = {
			isa = XCBuildConfiguration;
			buildSettings = {
				ASSETCATALOG_COMPILER_GLOBAL_ACCENT_COLOR_NAME = AccentColor;
				ASSETCATALOG_COMPILER_WIDGET_BACKGROUND_COLOR_NAME = WidgetBackground;
				CODE_SIGN_ENTITLEMENTS = WidgetOptimalVentilationExtension/WidgetOptimalVentilationExtension.entitlements;
				CODE_SIGN_IDENTITY = "Apple Development";
				CODE_SIGN_STYLE = Automatic;
				CURRENT_PROJECT_VERSION = 4;
				DEVELOPMENT_TEAM = ZQM8QT87RT;
				ENABLE_HARDENED_RUNTIME = YES;
				GENERATE_INFOPLIST_FILE = YES;
				INFOPLIST_FILE = WidgetOptimalVentilationExtension/Info.plist;
				INFOPLIST_KEY_CFBundleDisplayName = WidgetOptimalVentilationExtension;
				INFOPLIST_KEY_NSHumanReadableCopyright = "";
				IPHONEOS_DEPLOYMENT_TARGET = 18.2;
				LD_RUNPATH_SEARCH_PATHS = (
					"$(inherited)",
					"@executable_path/Frameworks",
					"@executable_path/../../Frameworks",
				);
				"LD_RUNPATH_SEARCH_PATHS[sdk=macosx*]" = (
					"$(inherited)",
					"@executable_path/../Frameworks",
					"@executable_path/../../../../Frameworks",
				);
				MACOSX_DEPLOYMENT_TARGET = 14.0;
				MARKETING_VERSION = 1.0;
				PRODUCT_BUNDLE_IDENTIFIER = com.github.tnmendes.humidityApp.WidgetOptimalVentilationExtension;
				PRODUCT_NAME = "$(TARGET_NAME)";
				PROVISIONING_PROFILE_SPECIFIER = "";
				SDKROOT = auto;
				SKIP_INSTALL = YES;
				SUPPORTED_PLATFORMS = "iphoneos iphonesimulator macosx xros xrsimulator";
				SWIFT_EMIT_LOC_STRINGS = YES;
				SWIFT_VERSION = 5.0;
				TARGETED_DEVICE_FAMILY = "1,2,7";
				XROS_DEPLOYMENT_TARGET = 2.2;
			};
			name = Debug;
		};
		C738BC632D696515002F0E94 /* Release */ = {
			isa = XCBuildConfiguration;
			buildSettings = {
				ASSETCATALOG_COMPILER_GLOBAL_ACCENT_COLOR_NAME = AccentColor;
				ASSETCATALOG_COMPILER_WIDGET_BACKGROUND_COLOR_NAME = WidgetBackground;
				CODE_SIGN_ENTITLEMENTS = WidgetOptimalVentilationExtension/WidgetOptimalVentilationExtension.entitlements;
				CODE_SIGN_IDENTITY = "Apple Development";
				CODE_SIGN_STYLE = Automatic;
				CURRENT_PROJECT_VERSION = 4;
				DEVELOPMENT_TEAM = ZQM8QT87RT;
				ENABLE_HARDENED_RUNTIME = YES;
				GENERATE_INFOPLIST_FILE = YES;
				INFOPLIST_FILE = WidgetOptimalVentilationExtension/Info.plist;
				INFOPLIST_KEY_CFBundleDisplayName = WidgetOptimalVentilationExtension;
				INFOPLIST_KEY_NSHumanReadableCopyright = "";
				IPHONEOS_DEPLOYMENT_TARGET = 18.2;
				LD_RUNPATH_SEARCH_PATHS = (
					"$(inherited)",
					"@executable_path/Frameworks",
					"@executable_path/../../Frameworks",
				);
				"LD_RUNPATH_SEARCH_PATHS[sdk=macosx*]" = (
					"$(inherited)",
					"@executable_path/../Frameworks",
					"@executable_path/../../../../Frameworks",
				);
				MACOSX_DEPLOYMENT_TARGET = 14.0;
				MARKETING_VERSION = 1.0;
				PRODUCT_BUNDLE_IDENTIFIER = com.github.tnmendes.humidityApp.WidgetOptimalVentilationExtension;
				PRODUCT_NAME = "$(TARGET_NAME)";
				PROVISIONING_PROFILE_SPECIFIER = "";
				SDKROOT = auto;
				SKIP_INSTALL = YES;
				SUPPORTED_PLATFORMS = "iphoneos iphonesimulator macosx xros xrsimulator";
				SWIFT_EMIT_LOC_STRINGS = YES;
				SWIFT_VERSION = 5.0;
				TARGETED_DEVICE_FAMILY = "1,2,7";
				XROS_DEPLOYMENT_TARGET = 2.2;
			};
			name = Release;
		};
		C75B134C2D614C7500E7A7D5 /* Debug */ = {
			isa = XCBuildConfiguration;
			buildSettings = {
				ALWAYS_SEARCH_USER_PATHS = NO;
				ASSETCATALOG_COMPILER_GENERATE_SWIFT_ASSET_SYMBOL_EXTENSIONS = YES;
				CLANG_ANALYZER_NONNULL = YES;
				CLANG_ANALYZER_NUMBER_OBJECT_CONVERSION = YES_AGGRESSIVE;
				CLANG_CXX_LANGUAGE_STANDARD = "gnu++20";
				CLANG_ENABLE_MODULES = YES;
				CLANG_ENABLE_OBJC_ARC = YES;
				CLANG_ENABLE_OBJC_WEAK = YES;
				CLANG_WARN_BLOCK_CAPTURE_AUTORELEASING = YES;
				CLANG_WARN_BOOL_CONVERSION = YES;
				CLANG_WARN_COMMA = YES;
				CLANG_WARN_CONSTANT_CONVERSION = YES;
				CLANG_WARN_DEPRECATED_OBJC_IMPLEMENTATIONS = YES;
				CLANG_WARN_DIRECT_OBJC_ISA_USAGE = YES_ERROR;
				CLANG_WARN_DOCUMENTATION_COMMENTS = YES;
				CLANG_WARN_EMPTY_BODY = YES;
				CLANG_WARN_ENUM_CONVERSION = YES;
				CLANG_WARN_INFINITE_RECURSION = YES;
				CLANG_WARN_INT_CONVERSION = YES;
				CLANG_WARN_NON_LITERAL_NULL_CONVERSION = YES;
				CLANG_WARN_OBJC_IMPLICIT_RETAIN_SELF = YES;
				CLANG_WARN_OBJC_LITERAL_CONVERSION = YES;
				CLANG_WARN_OBJC_ROOT_CLASS = YES_ERROR;
				CLANG_WARN_QUOTED_INCLUDE_IN_FRAMEWORK_HEADER = YES;
				CLANG_WARN_RANGE_LOOP_ANALYSIS = YES;
				CLANG_WARN_STRICT_PROTOTYPES = YES;
				CLANG_WARN_SUSPICIOUS_MOVE = YES;
				CLANG_WARN_UNGUARDED_AVAILABILITY = YES_AGGRESSIVE;
				CLANG_WARN_UNREACHABLE_CODE = YES;
				CLANG_WARN__DUPLICATE_METHOD_MATCH = YES;
				COPY_PHASE_STRIP = NO;
				DEBUG_INFORMATION_FORMAT = dwarf;
				ENABLE_STRICT_OBJC_MSGSEND = YES;
				ENABLE_TESTABILITY = YES;
				ENABLE_USER_SCRIPT_SANDBOXING = YES;
				GCC_C_LANGUAGE_STANDARD = gnu17;
				GCC_DYNAMIC_NO_PIC = NO;
				GCC_NO_COMMON_BLOCKS = YES;
				GCC_OPTIMIZATION_LEVEL = 0;
				GCC_PREPROCESSOR_DEFINITIONS = (
					"DEBUG=1",
					"$(inherited)",
				);
				GCC_WARN_64_TO_32_BIT_CONVERSION = YES;
				GCC_WARN_ABOUT_RETURN_TYPE = YES_ERROR;
				GCC_WARN_UNDECLARED_SELECTOR = YES;
				GCC_WARN_UNINITIALIZED_AUTOS = YES_AGGRESSIVE;
				GCC_WARN_UNUSED_FUNCTION = YES;
				GCC_WARN_UNUSED_VARIABLE = YES;
				LOCALIZATION_PREFERS_STRING_CATALOGS = YES;
				MTL_ENABLE_DEBUG_INFO = INCLUDE_SOURCE;
				MTL_FAST_MATH = YES;
				ONLY_ACTIVE_ARCH = YES;
				SWIFT_ACTIVE_COMPILATION_CONDITIONS = "DEBUG $(inherited)";
				SWIFT_OPTIMIZATION_LEVEL = "-Onone";
			};
			name = Debug;
		};
		C75B134D2D614C7500E7A7D5 /* Release */ = {
			isa = XCBuildConfiguration;
			buildSettings = {
				ALWAYS_SEARCH_USER_PATHS = NO;
				ASSETCATALOG_COMPILER_GENERATE_SWIFT_ASSET_SYMBOL_EXTENSIONS = YES;
				CLANG_ANALYZER_NONNULL = YES;
				CLANG_ANALYZER_NUMBER_OBJECT_CONVERSION = YES_AGGRESSIVE;
				CLANG_CXX_LANGUAGE_STANDARD = "gnu++20";
				CLANG_ENABLE_MODULES = YES;
				CLANG_ENABLE_OBJC_ARC = YES;
				CLANG_ENABLE_OBJC_WEAK = YES;
				CLANG_WARN_BLOCK_CAPTURE_AUTORELEASING = YES;
				CLANG_WARN_BOOL_CONVERSION = YES;
				CLANG_WARN_COMMA = YES;
				CLANG_WARN_CONSTANT_CONVERSION = YES;
				CLANG_WARN_DEPRECATED_OBJC_IMPLEMENTATIONS = YES;
				CLANG_WARN_DIRECT_OBJC_ISA_USAGE = YES_ERROR;
				CLANG_WARN_DOCUMENTATION_COMMENTS = YES;
				CLANG_WARN_EMPTY_BODY = YES;
				CLANG_WARN_ENUM_CONVERSION = YES;
				CLANG_WARN_INFINITE_RECURSION = YES;
				CLANG_WARN_INT_CONVERSION = YES;
				CLANG_WARN_NON_LITERAL_NULL_CONVERSION = YES;
				CLANG_WARN_OBJC_IMPLICIT_RETAIN_SELF = YES;
				CLANG_WARN_OBJC_LITERAL_CONVERSION = YES;
				CLANG_WARN_OBJC_ROOT_CLASS = YES_ERROR;
				CLANG_WARN_QUOTED_INCLUDE_IN_FRAMEWORK_HEADER = YES;
				CLANG_WARN_RANGE_LOOP_ANALYSIS = YES;
				CLANG_WARN_STRICT_PROTOTYPES = YES;
				CLANG_WARN_SUSPICIOUS_MOVE = YES;
				CLANG_WARN_UNGUARDED_AVAILABILITY = YES_AGGRESSIVE;
				CLANG_WARN_UNREACHABLE_CODE = YES;
				CLANG_WARN__DUPLICATE_METHOD_MATCH = YES;
				COPY_PHASE_STRIP = NO;
				DEBUG_INFORMATION_FORMAT = "dwarf-with-dsym";
				ENABLE_NS_ASSERTIONS = NO;
				ENABLE_STRICT_OBJC_MSGSEND = YES;
				ENABLE_USER_SCRIPT_SANDBOXING = YES;
				GCC_C_LANGUAGE_STANDARD = gnu17;
				GCC_NO_COMMON_BLOCKS = YES;
				GCC_WARN_64_TO_32_BIT_CONVERSION = YES;
				GCC_WARN_ABOUT_RETURN_TYPE = YES_ERROR;
				GCC_WARN_UNDECLARED_SELECTOR = YES;
				GCC_WARN_UNINITIALIZED_AUTOS = YES_AGGRESSIVE;
				GCC_WARN_UNUSED_FUNCTION = YES;
				GCC_WARN_UNUSED_VARIABLE = YES;
				LOCALIZATION_PREFERS_STRING_CATALOGS = YES;
				MTL_ENABLE_DEBUG_INFO = NO;
				MTL_FAST_MATH = YES;
				SWIFT_COMPILATION_MODE = wholemodule;
			};
			name = Release;
		};
		C75B134F2D614C7500E7A7D5 /* Debug */ = {
			isa = XCBuildConfiguration;
			buildSettings = {
				ASSETCATALOG_COMPILER_APPICON_NAME = AppIcon;
				ASSETCATALOG_COMPILER_GLOBAL_ACCENT_COLOR_NAME = AccentColor;
				CODE_SIGN_ENTITLEMENTS = Humidity/Humidity.entitlements;
				CODE_SIGN_STYLE = Automatic;
				CURRENT_PROJECT_VERSION = 4;
				DEVELOPMENT_ASSET_PATHS = "\"Humidity/Preview Content\"";
				DEVELOPMENT_TEAM = ZQM8QT87RT;
				ENABLE_HARDENED_RUNTIME = YES;
				ENABLE_PREVIEWS = YES;
				GENERATE_INFOPLIST_FILE = YES;
				INFOPLIST_KEY_CFBundleDisplayName = "Humidity Check";
				INFOPLIST_KEY_LSApplicationCategoryType = "public.app-category.weather";
				"INFOPLIST_KEY_UIApplicationSceneManifest_Generation[sdk=iphoneos*]" = YES;
				"INFOPLIST_KEY_UIApplicationSceneManifest_Generation[sdk=iphonesimulator*]" = YES;
				"INFOPLIST_KEY_UIApplicationSupportsIndirectInputEvents[sdk=iphoneos*]" = YES;
				"INFOPLIST_KEY_UIApplicationSupportsIndirectInputEvents[sdk=iphonesimulator*]" = YES;
				"INFOPLIST_KEY_UILaunchScreen_Generation[sdk=iphoneos*]" = YES;
				"INFOPLIST_KEY_UILaunchScreen_Generation[sdk=iphonesimulator*]" = YES;
				"INFOPLIST_KEY_UIStatusBarStyle[sdk=iphoneos*]" = UIStatusBarStyleDefault;
				"INFOPLIST_KEY_UIStatusBarStyle[sdk=iphonesimulator*]" = UIStatusBarStyleDefault;
				INFOPLIST_KEY_UISupportedInterfaceOrientations_iPad = "UIInterfaceOrientationPortrait UIInterfaceOrientationPortraitUpsideDown UIInterfaceOrientationLandscapeLeft UIInterfaceOrientationLandscapeRight";
				INFOPLIST_KEY_UISupportedInterfaceOrientations_iPhone = "UIInterfaceOrientationPortrait UIInterfaceOrientationLandscapeLeft UIInterfaceOrientationLandscapeRight";
				IPHONEOS_DEPLOYMENT_TARGET = 17.6;
				LD_RUNPATH_SEARCH_PATHS = "@executable_path/Frameworks";
				"LD_RUNPATH_SEARCH_PATHS[sdk=macosx*]" = "@executable_path/../Frameworks";
				MACOSX_DEPLOYMENT_TARGET = 15.2;
				MARKETING_VERSION = 1.0;
				PRODUCT_BUNDLE_IDENTIFIER = com.github.tnmendes.humidityApp;
				PRODUCT_NAME = "$(TARGET_NAME)";
				SDKROOT = auto;
				SUPPORTED_PLATFORMS = "iphoneos iphonesimulator macosx xros xrsimulator";
				SWIFT_EMIT_LOC_STRINGS = YES;
				SWIFT_VERSION = 5.0;
				TARGETED_DEVICE_FAMILY = "1,2,7";
				XROS_DEPLOYMENT_TARGET = 2.2;
			};
			name = Debug;
		};
		C75B13502D614C7500E7A7D5 /* Release */ = {
			isa = XCBuildConfiguration;
			buildSettings = {
				ASSETCATALOG_COMPILER_APPICON_NAME = AppIcon;
				ASSETCATALOG_COMPILER_GLOBAL_ACCENT_COLOR_NAME = AccentColor;
				CODE_SIGN_ENTITLEMENTS = Humidity/Humidity.entitlements;
				CODE_SIGN_STYLE = Automatic;
				CURRENT_PROJECT_VERSION = 4;
				DEVELOPMENT_ASSET_PATHS = "\"Humidity/Preview Content\"";
				DEVELOPMENT_TEAM = ZQM8QT87RT;
				ENABLE_HARDENED_RUNTIME = YES;
				ENABLE_PREVIEWS = YES;
				GENERATE_INFOPLIST_FILE = YES;
				INFOPLIST_KEY_CFBundleDisplayName = "Humidity Check";
				INFOPLIST_KEY_LSApplicationCategoryType = "public.app-category.weather";
				"INFOPLIST_KEY_UIApplicationSceneManifest_Generation[sdk=iphoneos*]" = YES;
				"INFOPLIST_KEY_UIApplicationSceneManifest_Generation[sdk=iphonesimulator*]" = YES;
				"INFOPLIST_KEY_UIApplicationSupportsIndirectInputEvents[sdk=iphoneos*]" = YES;
				"INFOPLIST_KEY_UIApplicationSupportsIndirectInputEvents[sdk=iphonesimulator*]" = YES;
				"INFOPLIST_KEY_UILaunchScreen_Generation[sdk=iphoneos*]" = YES;
				"INFOPLIST_KEY_UILaunchScreen_Generation[sdk=iphonesimulator*]" = YES;
				"INFOPLIST_KEY_UIStatusBarStyle[sdk=iphoneos*]" = UIStatusBarStyleDefault;
				"INFOPLIST_KEY_UIStatusBarStyle[sdk=iphonesimulator*]" = UIStatusBarStyleDefault;
				INFOPLIST_KEY_UISupportedInterfaceOrientations_iPad = "UIInterfaceOrientationPortrait UIInterfaceOrientationPortraitUpsideDown UIInterfaceOrientationLandscapeLeft UIInterfaceOrientationLandscapeRight";
				INFOPLIST_KEY_UISupportedInterfaceOrientations_iPhone = "UIInterfaceOrientationPortrait UIInterfaceOrientationLandscapeLeft UIInterfaceOrientationLandscapeRight";
				IPHONEOS_DEPLOYMENT_TARGET = 17.6;
				LD_RUNPATH_SEARCH_PATHS = "@executable_path/Frameworks";
				"LD_RUNPATH_SEARCH_PATHS[sdk=macosx*]" = "@executable_path/../Frameworks";
				MACOSX_DEPLOYMENT_TARGET = 15.2;
				MARKETING_VERSION = 1.0;
				PRODUCT_BUNDLE_IDENTIFIER = com.github.tnmendes.humidityApp;
				PRODUCT_NAME = "$(TARGET_NAME)";
				SDKROOT = auto;
				SUPPORTED_PLATFORMS = "iphoneos iphonesimulator macosx xros xrsimulator";
				SWIFT_EMIT_LOC_STRINGS = YES;
				SWIFT_VERSION = 5.0;
				TARGETED_DEVICE_FAMILY = "1,2,7";
				XROS_DEPLOYMENT_TARGET = 2.2;
			};
			name = Release;
		};
		C75B13752D6402BC00E7A7D5 /* Debug */ = {
			isa = XCBuildConfiguration;
			buildSettings = {
				ASSETCATALOG_COMPILER_GLOBAL_ACCENT_COLOR_NAME = AccentColor;
				ASSETCATALOG_COMPILER_WIDGET_BACKGROUND_COLOR_NAME = WidgetBackground;
				CODE_SIGN_ENTITLEMENTS = WidgetHumidityExtension/WidgetHumidityExtension.entitlements;
				CODE_SIGN_STYLE = Automatic;
				CURRENT_PROJECT_VERSION = 4;
				DEVELOPMENT_TEAM = ZQM8QT87RT;
				ENABLE_HARDENED_RUNTIME = YES;
				GENERATE_INFOPLIST_FILE = YES;
				INFOPLIST_FILE = WidgetHumidityExtension/Info.plist;
				INFOPLIST_KEY_CFBundleDisplayName = WidgetHumidityExtension;
				INFOPLIST_KEY_NSHumanReadableCopyright = "";
				IPHONEOS_DEPLOYMENT_TARGET = 18.2;
				LD_RUNPATH_SEARCH_PATHS = (
					"$(inherited)",
					"@executable_path/Frameworks",
					"@executable_path/../../Frameworks",
				);
				"LD_RUNPATH_SEARCH_PATHS[sdk=macosx*]" = (
					"$(inherited)",
					"@executable_path/../Frameworks",
					"@executable_path/../../../../Frameworks",
				);
				MACOSX_DEPLOYMENT_TARGET = 14.0;
				MARKETING_VERSION = 1.0;
				PRODUCT_BUNDLE_IDENTIFIER = com.github.tnmendes.humidityApp.WidgetHumidityExtension;
				PRODUCT_NAME = "$(TARGET_NAME)";
				SDKROOT = auto;
				SKIP_INSTALL = YES;
				SUPPORTED_PLATFORMS = "iphoneos iphonesimulator macosx xros xrsimulator";
				SWIFT_EMIT_LOC_STRINGS = YES;
				SWIFT_VERSION = 5.0;
				TARGETED_DEVICE_FAMILY = "1,2,7";
				XROS_DEPLOYMENT_TARGET = 2.2;
			};
			name = Debug;
		};
		C75B13762D6402BC00E7A7D5 /* Release */ = {
			isa = XCBuildConfiguration;
			buildSettings = {
				ASSETCATALOG_COMPILER_GLOBAL_ACCENT_COLOR_NAME = AccentColor;
				ASSETCATALOG_COMPILER_WIDGET_BACKGROUND_COLOR_NAME = WidgetBackground;
				CODE_SIGN_ENTITLEMENTS = WidgetHumidityExtension/WidgetHumidityExtension.entitlements;
				CODE_SIGN_STYLE = Automatic;
				CURRENT_PROJECT_VERSION = 4;
				DEVELOPMENT_TEAM = ZQM8QT87RT;
				ENABLE_HARDENED_RUNTIME = YES;
				GENERATE_INFOPLIST_FILE = YES;
				INFOPLIST_FILE = WidgetHumidityExtension/Info.plist;
				INFOPLIST_KEY_CFBundleDisplayName = WidgetHumidityExtension;
				INFOPLIST_KEY_NSHumanReadableCopyright = "";
				IPHONEOS_DEPLOYMENT_TARGET = 18.2;
				LD_RUNPATH_SEARCH_PATHS = (
					"$(inherited)",
					"@executable_path/Frameworks",
					"@executable_path/../../Frameworks",
				);
				"LD_RUNPATH_SEARCH_PATHS[sdk=macosx*]" = (
					"$(inherited)",
					"@executable_path/../Frameworks",
					"@executable_path/../../../../Frameworks",
				);
				MACOSX_DEPLOYMENT_TARGET = 14.0;
				MARKETING_VERSION = 1.0;
				PRODUCT_BUNDLE_IDENTIFIER = com.github.tnmendes.humidityApp.WidgetHumidityExtension;
				PRODUCT_NAME = "$(TARGET_NAME)";
				SDKROOT = auto;
				SKIP_INSTALL = YES;
				SUPPORTED_PLATFORMS = "iphoneos iphonesimulator macosx xros xrsimulator";
				SWIFT_EMIT_LOC_STRINGS = YES;
				SWIFT_VERSION = 5.0;
				TARGETED_DEVICE_FAMILY = "1,2,7";
				XROS_DEPLOYMENT_TARGET = 2.2;
			};
			name = Release;
		};
/* End XCBuildConfiguration section */

/* Begin XCConfigurationList section */
		C738BC612D696515002F0E94 /* Build configuration list for PBXNativeTarget "WidgetOptimalVentilationExtensionExtension" */ = {
			isa = XCConfigurationList;
			buildConfigurations = (
				C738BC622D696515002F0E94 /* Debug */,
				C738BC632D696515002F0E94 /* Release */,
			);
			defaultConfigurationIsVisible = 0;
			defaultConfigurationName = Release;
		};
		C75B133A2D614C7200E7A7D5 /* Build configuration list for PBXProject "Humidity" */ = {
			isa = XCConfigurationList;
			buildConfigurations = (
				C75B134C2D614C7500E7A7D5 /* Debug */,
				C75B134D2D614C7500E7A7D5 /* Release */,
			);
			defaultConfigurationIsVisible = 0;
			defaultConfigurationName = Release;
		};
		C75B134E2D614C7500E7A7D5 /* Build configuration list for PBXNativeTarget "Humidity" */ = {
			isa = XCConfigurationList;
			buildConfigurations = (
				C75B134F2D614C7500E7A7D5 /* Debug */,
				C75B13502D614C7500E7A7D5 /* Release */,
			);
			defaultConfigurationIsVisible = 0;
			defaultConfigurationName = Release;
		};
		C75B13742D6402BC00E7A7D5 /* Build configuration list for PBXNativeTarget "WidgetHumidityExtensionExtension" */ = {
			isa = XCConfigurationList;
			buildConfigurations = (
				C75B13752D6402BC00E7A7D5 /* Debug */,
				C75B13762D6402BC00E7A7D5 /* Release */,
			);
			defaultConfigurationIsVisible = 0;
			defaultConfigurationName = Release;
		};
/* End XCConfigurationList section */
	};
	rootObject = C75B13372D614C7200E7A7D5 /* Project object */;
}
